
Microsoft Visual Studio Solution File, Format Version 12.00
# Visual Studio 15
VisualStudioVersion = 15.0.28307.1000
MinimumVisualStudioVersion = 10.0.40219.1
Project("{FAE04EC0-301F-11D3-BF4B-00C04F79EFBC}") = "PracticeTask8", "PracticeTask8\PracticeTask8.csproj", "{104C3813-DDA5-4A74-B67F-9A29285F0C3F}"
EndProject
Project("{FAE04EC0-301F-11D3-BF4B-00C04F79EFBC}") = "UnitTestProject1", "UnitTestProject1\UnitTestProject1.csproj", "{0DCA9927-C58F-4663-AE62-ADC69C391664}"
EndProject
Global
	GlobalSection(SolutionConfigurationPlatforms) = preSolution
		Debug|Any CPU = Debug|Any CPU
		Release|Any CPU = Release|Any CPU
	EndGlobalSection
	GlobalSection(ProjectConfigurationPlatforms) = postSolution
		{104C3813-DDA5-4A74-B67F-9A29285F0C3F}.Debug|Any CPU.ActiveCfg = Debug|Any CPU
		{104C3813-DDA5-4A74-B67F-9A29285F0C3F}.Debug|Any CPU.Build.0 = Debug|Any CPU
		{104C3813-DDA5-4A74-B67F-9A29285F0C3F}.Release|Any CPU.ActiveCfg = Release|Any CPU
		{104C3813-DDA5-4A74-B67F-9A29285F0C3F}.Release|Any CPU.Build.0 = Release|Any CPU
		{0DCA9927-C58F-4663-AE62-ADC69C391664}.Debug|Any CPU.ActiveCfg = Debug|Any CPU
		{0DCA9927-C58F-4663-AE62-ADC69C391664}.Debug|Any CPU.Build.0 = Debug|Any CPU
		{0DCA9927-C58F-4663-AE62-ADC69C391664}.Release|Any CPU.ActiveCfg = Release|Any CPU
		{0DCA9927-C58F-4663-AE62-ADC69C391664}.Release|Any CPU.Build.0 = Release|Any CPU
	EndGlobalSection
	GlobalSection(SolutionProperties) = preSolution
		HideSolutionNode = FALSE
	EndGlobalSection
	GlobalSection(ExtensibilityGlobals) = postSolution
		SolutionGuid = {E299049A-FC99-45AE-933B-A302F813C271}
	EndGlobalSection
EndGlobal
